// !$*UTF8*$!
{
	archiveVersion = 1;
	classes = {
	};
	objectVersion = 56;
	objects = {

/* Begin PBXBuildFile section */
		6FBEFCF329EDC5650082E116 /* JokesApp.swift in Sources */ = {isa = PBXBuildFile; fileRef = 6FBEFCF229EDC5650082E116 /* JokesApp.swift */; };
		6FBEFCF729EDC5680082E116 /* Assets.xcassets in Resources */ = {isa = PBXBuildFile; fileRef = 6FBEFCF629EDC5680082E116 /* Assets.xcassets */; };
		6FBEFCFA29EDC5680082E116 /* Preview Assets.xcassets in Resources */ = {isa = PBXBuildFile; fileRef = 6FBEFCF929EDC5680082E116 /* Preview Assets.xcassets */; };
		6FBEFD0129EDC64E0082E116 /* JokeView.swift in Sources */ = {isa = PBXBuildFile; fileRef = 6FBEFD0029EDC64E0082E116 /* JokeView.swift */; };
		6FBEFD0529EDCA0C0082E116 /* Joke.swift in Sources */ = {isa = PBXBuildFile; fileRef = 6FBEFD0429EDCA0C0082E116 /* Joke.swift */; };
		6FBEFD0829EDCBC90082E116 /* NetworkService.swift in Sources */ = {isa = PBXBuildFile; fileRef = 6FBEFD0729EDCBC90082E116 /* NetworkService.swift */; };
		6FBEFD0B29F02EEA0082E116 /* Blackbird in Frameworks */ = {isa = PBXBuildFile; productRef = 6FBEFD0A29F02EEA0082E116 /* Blackbird */; };
		6FBEFD0D29F02FD20082E116 /* db.sqlite in Resources */ = {isa = PBXBuildFile; fileRef = 6FBEFD0C29F02FD20082E116 /* db.sqlite */; };
		6FBEFD1029F031190082E116 /* AppDatabase.swift in Sources */ = {isa = PBXBuildFile; fileRef = 6FBEFD0F29F031190082E116 /* AppDatabase.swift */; };
		6FBEFD1229F033B30082E116 /* FavoritesView.swift in Sources */ = {isa = PBXBuildFile; fileRef = 6FBEFD1129F033B30082E116 /* FavoritesView.swift */; };
/* End PBXBuildFile section */

/* Begin PBXFileReference section */
		6FBEFCEF29EDC5650082E116 /* Jokes.app */ = {isa = PBXFileReference; explicitFileType = wrapper.application; includeInIndex = 0; path = Jokes.app; sourceTree = BUILT_PRODUCTS_DIR; };
		6FBEFCF229EDC5650082E116 /* JokesApp.swift */ = {isa = PBXFileReference; lastKnownFileType = sourcecode.swift; path = JokesApp.swift; sourceTree = "<group>"; };
		6FBEFCF629EDC5680082E116 /* Assets.xcassets */ = {isa = PBXFileReference; lastKnownFileType = folder.assetcatalog; path = Assets.xcassets; sourceTree = "<group>"; };
		6FBEFCF929EDC5680082E116 /* Preview Assets.xcassets */ = {isa = PBXFileReference; lastKnownFileType = folder.assetcatalog; path = "Preview Assets.xcassets"; sourceTree = "<group>"; };
		6FBEFD0029EDC64E0082E116 /* JokeView.swift */ = {isa = PBXFileReference; lastKnownFileType = sourcecode.swift; path = JokeView.swift; sourceTree = "<group>"; };
		6FBEFD0429EDCA0C0082E116 /* Joke.swift */ = {isa = PBXFileReference; lastKnownFileType = sourcecode.swift; path = Joke.swift; sourceTree = "<group>"; };
		6FBEFD0729EDCBC90082E116 /* NetworkService.swift */ = {isa = PBXFileReference; lastKnownFileType = sourcecode.swift; path = NetworkService.swift; sourceTree = "<group>"; };
		6FBEFD0C29F02FD20082E116 /* db.sqlite */ = {isa = PBXFileReference; lastKnownFileType = file; name = db.sqlite; path = Jokes/db.sqlite; sourceTree = SOURCE_ROOT; };
		6FBEFD0F29F031190082E116 /* AppDatabase.swift */ = {isa = PBXFileReference; lastKnownFileType = sourcecode.swift; path = AppDatabase.swift; sourceTree = "<group>"; };
		6FBEFD1129F033B30082E116 /* FavoritesView.swift */ = {isa = PBXFileReference; lastKnownFileType = sourcecode.swift; path = FavoritesView.swift; sourceTree = "<group>"; };
/* End PBXFileReference section */

/* Begin PBXFrameworksBuildPhase section */
		6FBEFCEC29EDC5650082E116 /* Frameworks */ = {
			isa = PBXFrameworksBuildPhase;
			buildActionMask = 2147483647;
			files = (
				6FBEFD0B29F02EEA0082E116 /* Blackbird in Frameworks */,
			);
			runOnlyForDeploymentPostprocessing = 0;
		};
/* End PBXFrameworksBuildPhase section */

/* Begin PBXGroup section */
		6FBEFCE629EDC5650082E116 = {
			isa = PBXGroup;
			children = (
				6FBEFCF129EDC5650082E116 /* Jokes */,
				6FBEFCF029EDC5650082E116 /* Products */,
			);
			sourceTree = "<group>";
		};
		6FBEFCF029EDC5650082E116 /* Products */ = {
			isa = PBXGroup;
			children = (
				6FBEFCEF29EDC5650082E116 /* Jokes.app */,
			);
			name = Products;
			sourceTree = "<group>";
		};
		6FBEFCF129EDC5650082E116 /* Jokes */ = {
			isa = PBXGroup;
			children = (
				6FBEFCF229EDC5650082E116 /* JokesApp.swift */,
				6FBEFD0E29F030DB0082E116 /* Helpers */,
				6FBEFD0329EDC9F30082E116 /* Model */,
				6FBEFD0629EDCB9E0082E116 /* Services */,
				6FBEFD0229EDC6540082E116 /* Views */,
				6FBEFCF629EDC5680082E116 /* Assets.xcassets */,
				6FBEFCF829EDC5680082E116 /* Preview Content */,
			);
			path = Jokes;
			sourceTree = "<group>";
		};
		6FBEFCF829EDC5680082E116 /* Preview Content */ = {
			isa = PBXGroup;
			children = (
				6FBEFCF929EDC5680082E116 /* Preview Assets.xcassets */,
			);
			path = "Preview Content";
			sourceTree = "<group>";
		};
		6FBEFD0229EDC6540082E116 /* Views */ = {
			isa = PBXGroup;
			children = (
				6FBEFD0029EDC64E0082E116 /* JokeView.swift */,
				6FBEFD1129F033B30082E116 /* FavoritesView.swift */,
			);
			path = Views;
			sourceTree = "<group>";
		};
		6FBEFD0329EDC9F30082E116 /* Model */ = {
			isa = PBXGroup;
			children = (
				6FBEFD0C29F02FD20082E116 /* db.sqlite */,
				6FBEFD0429EDCA0C0082E116 /* Joke.swift */,
			);
			path = Model;
			sourceTree = "<group>";
		};
		6FBEFD0629EDCB9E0082E116 /* Services */ = {
			isa = PBXGroup;
			children = (
				6FBEFD0729EDCBC90082E116 /* NetworkService.swift */,
			);
			path = Services;
			sourceTree = "<group>";
		};
		6FBEFD0E29F030DB0082E116 /* Helpers */ = {
			isa = PBXGroup;
			children = (
				6FBEFD0F29F031190082E116 /* AppDatabase.swift */,
			);
			path = Helpers;
			sourceTree = "<group>";
		};
/* End PBXGroup section */

/* Begin PBXNativeTarget section */
		6FBEFCEE29EDC5650082E116 /* Jokes */ = {
			isa = PBXNativeTarget;
			buildConfigurationList = 6FBEFCFD29EDC5680082E116 /* Build configuration list for PBXNativeTarget "Jokes" */;
			buildPhases = (
				6FBEFCEB29EDC5650082E116 /* Sources */,
				6FBEFCEC29EDC5650082E116 /* Frameworks */,
				6FBEFCED29EDC5650082E116 /* Resources */,
			);
			buildRules = (
			);
			dependencies = (
			);
			name = Jokes;
			packageProductDependencies = (
				6FBEFD0A29F02EEA0082E116 /* Blackbird */,
			);
			productName = Jokes;
			productReference = 6FBEFCEF29EDC5650082E116 /* Jokes.app */;
			productType = "com.apple.product-type.application";
		};
/* End PBXNativeTarget section */

/* Begin PBXProject section */
		6FBEFCE729EDC5650082E116 /* Project object */ = {
			isa = PBXProject;
			attributes = {
				BuildIndependentTargetsInParallel = 1;
				LastSwiftUpdateCheck = 1420;
				LastUpgradeCheck = 1420;
				TargetAttributes = {
					6FBEFCEE29EDC5650082E116 = {
						CreatedOnToolsVersion = 14.2;
					};
				};
			};
			buildConfigurationList = 6FBEFCEA29EDC5650082E116 /* Build configuration list for PBXProject "Jokes" */;
			compatibilityVersion = "Xcode 14.0";
			developmentRegion = en;
			hasScannedForEncodings = 0;
			knownRegions = (
				en,
				Base,
			);
			mainGroup = 6FBEFCE629EDC5650082E116;
			packageReferences = (
				6FBEFD0929F02EEA0082E116 /* XCRemoteSwiftPackageReference "Blackbird" */,
			);
			productRefGroup = 6FBEFCF029EDC5650082E116 /* Products */;
			projectDirPath = "";
			projectRoot = "";
			targets = (
				6FBEFCEE29EDC5650082E116 /* Jokes */,
			);
		};
/* End PBXProject section */

/* Begin PBXResourcesBuildPhase section */
		6FBEFCED29EDC5650082E116 /* Resources */ = {
			isa = PBXResourcesBuildPhase;
			buildActionMask = 2147483647;
			files = (
				6FBEFCFA29EDC5680082E116 /* Preview Assets.xcassets in Resources */,
				6FBEFD0D29F02FD20082E116 /* db.sqlite in Resources */,
				6FBEFCF729EDC5680082E116 /* Assets.xcassets in Resources */,
			);
			runOnlyForDeploymentPostprocessing = 0;
		};
/* End PBXResourcesBuildPhase section */

/* Begin PBXSourcesBuildPhase section */
		6FBEFCEB29EDC5650082E116 /* Sources */ = {
			isa = PBXSourcesBuildPhase;
			buildActionMask = 2147483647;
			files = (
				6FBEFCF329EDC5650082E116 /* JokesApp.swift in Sources */,
				6FBEFD0129EDC64E0082E116 /* JokeView.swift in Sources */,
				6FBEFD1229F033B30082E116 /* FavoritesView.swift in Sources */,
				6FBEFD0829EDCBC90082E116 /* NetworkService.swift in Sources */,
				6FBEFD0529EDCA0C0082E116 /* Joke.swift in Sources */,
				6FBEFD1029F031190082E116 /* AppDatabase.swift in Sources */,
			);
			runOnlyForDeploymentPostprocessing = 0;
		};
/* End PBXSourcesBuildPhase section */

/* Begin XCBuildConfiguration section */
		6FBEFCFB29EDC5680082E116 /* Debug */ = {
			isa = XCBuildConfiguration;
			buildSettings = {
				ALWAYS_SEARCH_USER_PATHS = NO;
				CLANG_ANALYZER_NONNULL = YES;
				CLANG_ANALYZER_NUMBER_OBJECT_CONVERSION = YES_AGGRESSIVE;
				CLANG_CXX_LANGUAGE_STANDARD = "gnu++20";
				CLANG_ENABLE_MODULES = YES;
				CLANG_ENABLE_OBJC_ARC = YES;
				CLANG_ENABLE_OBJC_WEAK = YES;
				CLANG_WARN_BLOCK_CAPTURE_AUTORELEASING = YES;
				CLANG_WARN_BOOL_CONVERSION = YES;
				CLANG_WARN_COMMA = YES;
				CLANG_WARN_CONSTANT_CONVERSION = YES;
				CLANG_WARN_DEPRECATED_OBJC_IMPLEMENTATIONS = YES;
				CLANG_WARN_DIRECT_OBJC_ISA_USAGE = YES_ERROR;
				CLANG_WARN_DOCUMENTATION_COMMENTS = YES;
				CLANG_WARN_EMPTY_BODY = YES;
				CLANG_WARN_ENUM_CONVERSION = YES;
				CLANG_WARN_INFINITE_RECURSION = YES;
				CLANG_WARN_INT_CONVERSION = YES;
				CLANG_WARN_NON_LITERAL_NULL_CONVERSION = YES;
				CLANG_WARN_OBJC_IMPLICIT_RETAIN_SELF = YES;
				CLANG_WARN_OBJC_LITERAL_CONVERSION = YES;
				CLANG_WARN_OBJC_ROOT_CLASS = YES_ERROR;
				CLANG_WARN_QUOTED_INCLUDE_IN_FRAMEWORK_HEADER = YES;
				CLANG_WARN_RANGE_LOOP_ANALYSIS = YES;
				CLANG_WARN_STRICT_PROTOTYPES = YES;
				CLANG_WARN_SUSPICIOUS_MOVE = YES;
				CLANG_WARN_UNGUARDED_AVAILABILITY = YES_AGGRESSIVE;
				CLANG_WARN_UNREACHABLE_CODE = YES;
				CLANG_WARN__DUPLICATE_METHOD_MATCH = YES;
				COPY_PHASE_STRIP = NO;
				DEBUG_INFORMATION_FORMAT = dwarf;
				ENABLE_STRICT_OBJC_MSGSEND = YES;
				ENABLE_TESTABILITY = YES;
				GCC_C_LANGUAGE_STANDARD = gnu11;
				GCC_DYNAMIC_NO_PIC = NO;
				GCC_NO_COMMON_BLOCKS = YES;
				GCC_OPTIMIZATION_LEVEL = 0;
				GCC_PREPROCESSOR_DEFINITIONS = (
					"DEBUG=1",
					"$(inherited)",
				);
				GCC_WARN_64_TO_32_BIT_CONVERSION = YES;
				GCC_WARN_ABOUT_RETURN_TYPE = YES_ERROR;
				GCC_WARN_UNDECLARED_SELECTOR = YES;
				GCC_WARN_UNINITIALIZED_AUTOS = YES_AGGRESSIVE;
				GCC_WARN_UNUSED_FUNCTION = YES;
				GCC_WARN_UNUSED_VARIABLE = YES;
				IPHONEOS_DEPLOYMENT_TARGET = 16.2;
				MTL_ENABLE_DEBUG_INFO = INCLUDE_SOURCE;
				MTL_FAST_MATH = YES;
				ONLY_ACTIVE_ARCH = YES;
				SDKROOT = iphoneos;
				SWIFT_ACTIVE_COMPILATION_CONDITIONS = DEBUG;
				SWIFT_OPTIMIZATION_LEVEL = "-Onone";
			};
			name = Debug;
		};
		6FBEFCFC29EDC5680082E116 /* Release */ = {
			isa = XCBuildConfiguration;
			buildSettings = {
				ALWAYS_SEARCH_USER_PATHS = NO;
				CLANG_ANALYZER_NONNULL = YES;
				CLANG_ANALYZER_NUMBER_OBJECT_CONVERSION = YES_AGGRESSIVE;
				CLANG_CXX_LANGUAGE_STANDARD = "gnu++20";
				CLANG_ENABLE_MODULES = YES;
				CLANG_ENABLE_OBJC_ARC = YES;
				CLANG_ENABLE_OBJC_WEAK = YES;
				CLANG_WARN_BLOCK_CAPTURE_AUTORELEASING = YES;
				CLANG_WARN_BOOL_CONVERSION = YES;
				CLANG_WARN_COMMA = YES;
				CLANG_WARN_CONSTANT_CONVERSION = YES;
				CLANG_WARN_DEPRECATED_OBJC_IMPLEMENTATIONS = YES;
				CLANG_WARN_DIRECT_OBJC_ISA_USAGE = YES_ERROR;
				CLANG_WARN_DOCUMENTATION_COMMENTS = YES;
				CLANG_WARN_EMPTY_BODY = YES;
				CLANG_WARN_ENUM_CONVERSION = YES;
				CLANG_WARN_INFINITE_RECURSION = YES;
				CLANG_WARN_INT_CONVERSION = YES;
				CLANG_WARN_NON_LITERAL_NULL_CONVERSION = YES;
				CLANG_WARN_OBJC_IMPLICIT_RETAIN_SELF = YES;
				CLANG_WARN_OBJC_LITERAL_CONVERSION = YES;
				CLANG_WARN_OBJC_ROOT_CLASS = YES_ERROR;
				CLANG_WARN_QUOTED_INCLUDE_IN_FRAMEWORK_HEADER = YES;
				CLANG_WARN_RANGE_LOOP_ANALYSIS = YES;
				CLANG_WARN_STRICT_PROTOTYPES = YES;
				CLANG_WARN_SUSPICIOUS_MOVE = YES;
				CLANG_WARN_UNGUARDED_AVAILABILITY = YES_AGGRESSIVE;
				CLANG_WARN_UNREACHABLE_CODE = YES;
				CLANG_WARN__DUPLICATE_METHOD_MATCH = YES;
				COPY_PHASE_STRIP = NO;
				DEBUG_INFORMATION_FORMAT = "dwarf-with-dsym";
				ENABLE_NS_ASSERTIONS = NO;
				ENABLE_STRICT_OBJC_MSGSEND = YES;
				GCC_C_LANGUAGE_STANDARD = gnu11;
				GCC_NO_COMMON_BLOCKS = YES;
				GCC_WARN_64_TO_32_BIT_CONVERSION = YES;
				GCC_WARN_ABOUT_RETURN_TYPE = YES_ERROR;
				GCC_WARN_UNDECLARED_SELECTOR = YES;
				GCC_WARN_UNINITIALIZED_AUTOS = YES_AGGRESSIVE;
				GCC_WARN_UNUSED_FUNCTION = YES;
				GCC_WARN_UNUSED_VARIABLE = YES;
				IPHONEOS_DEPLOYMENT_TARGET = 16.2;
				MTL_ENABLE_DEBUG_INFO = NO;
				MTL_FAST_MATH = YES;
				SDKROOT = iphoneos;
				SWIFT_COMPILATION_MODE = wholemodule;
				SWIFT_OPTIMIZATION_LEVEL = "-O";
				VALIDATE_PRODUCT = YES;
			};
			name = Release;
		};
		6FBEFCFE29EDC5680082E116 /* Debug */ = {
			isa = XCBuildConfiguration;
			buildSettings = {
				ASSETCATALOG_COMPILER_APPICON_NAME = AppIcon;
				ASSETCATALOG_COMPILER_GLOBAL_ACCENT_COLOR_NAME = AccentColor;
				CODE_SIGN_STYLE = Automatic;
				CURRENT_PROJECT_VERSION = 1;
				DEVELOPMENT_ASSET_PATHS = "\"Jokes/Preview Content\"";
				ENABLE_PREVIEWS = YES;
				GENERATE_INFOPLIST_FILE = YES;
				INFOPLIST_KEY_UIApplicationSceneManifest_Generation = YES;
				INFOPLIST_KEY_UIApplicationSupportsIndirectInputEvents = YES;
				INFOPLIST_KEY_UILaunchScreen_Generation = YES;
				INFOPLIST_KEY_UISupportedInterfaceOrientations_iPad = "UIInterfaceOrientationPortrait UIInterfaceOrientationPortraitUpsideDown UIInterfaceOrientationLandscapeLeft UIInterfaceOrientationLandscapeRight";
				INFOPLIST_KEY_UISupportedInterfaceOrientations_iPhone = "UIInterfaceOrientationPortrait UIInterfaceOrientationLandscapeLeft UIInterfaceOrientationLandscapeRight";
				LD_RUNPATH_SEARCH_PATHS = (
					"$(inherited)",
					"@executable_path/Frameworks",
				);
				MARKETING_VERSION = 1.0;
				PRODUCT_BUNDLE_IDENTIFIER = lcsjdellamea.Jokes;
				PRODUCT_NAME = "$(TARGET_NAME)";
				SWIFT_EMIT_LOC_STRINGS = YES;
				SWIFT_VERSION = 5.0;
				TARGETED_DEVICE_FAMILY = "1,2";
			};
			name = Debug;
		};
		6FBEFCFF29EDC5680082E116 /* Release */ = {
			isa = XCBuildConfiguration;
			buildSettings = {
				ASSETCATALOG_COMPILER_APPICON_NAME = AppIcon;
				ASSETCATALOG_COMPILER_GLOBAL_ACCENT_COLOR_NAME = AccentColor;
				CODE_SIGN_STYLE = Automatic;
				CURRENT_PROJECT_VERSION = 1;
				DEVELOPMENT_ASSET_PATHS = "\"Jokes/Preview Content\"";
				ENABLE_PREVIEWS = YES;
				GENERATE_INFOPLIST_FILE = YES;
				INFOPLIST_KEY_UIApplicationSceneManifest_Generation = YES;
				INFOPLIST_KEY_UIApplicationSupportsIndirectInputEvents = YES;
				INFOPLIST_KEY_UILaunchScreen_Generation = YES;
				INFOPLIST_KEY_UISupportedInterfaceOrientations_iPad = "UIInterfaceOrientationPortrait UIInterfaceOrientationPortraitUpsideDown UIInterfaceOrientationLandscapeLeft UIInterfaceOrientationLandscapeRight";
				INFOPLIST_KEY_UISupportedInterfaceOrientations_iPhone = "UIInterfaceOrientationPortrait UIInterfaceOrientationLandscapeLeft UIInterfaceOrientationLandscapeRight";
				LD_RUNPATH_SEARCH_PATHS = (
					"$(inherited)",
					"@executable_path/Frameworks",
				);
				MARKETING_VERSION = 1.0;
				PRODUCT_BUNDLE_IDENTIFIER = lcsjdellamea.Jokes;
				PRODUCT_NAME = "$(TARGET_NAME)";
				SWIFT_EMIT_LOC_STRINGS = YES;
				SWIFT_VERSION = 5.0;
				TARGETED_DEVICE_FAMILY = "1,2";
			};
			name = Release;
		};
/* End XCBuildConfiguration section */

/* Begin XCConfigurationList section */
		6FBEFCEA29EDC5650082E116 /* Build configuration list for PBXProject "Jokes" */ = {
			isa = XCConfigurationList;
			buildConfigurations = (
				6FBEFCFB29EDC5680082E116 /* Debug */,
				6FBEFCFC29EDC5680082E116 /* Release */,
			);
			defaultConfigurationIsVisible = 0;
			defaultConfigurationName = Release;
		};
		6FBEFCFD29EDC5680082E116 /* Build configuration list for PBXNativeTarget "Jokes" */ = {
			isa = XCConfigurationList;
			buildConfigurations = (
				6FBEFCFE29EDC5680082E116 /* Debug */,
				6FBEFCFF29EDC5680082E116 /* Release */,
			);
			defaultConfigurationIsVisible = 0;
			defaultConfigurationName = Release;
		};
/* End XCConfigurationList section */

/* Begin XCRemoteSwiftPackageReference section */
		6FBEFD0929F02EEA0082E116 /* XCRemoteSwiftPackageReference "Blackbird" */ = {
			isa = XCRemoteSwiftPackageReference;
			repositoryURL = "https://github.com/marcoarment/Blackbird";
			requirement = {
				branch = main;
				kind = branch;
			};
		};
/* End XCRemoteSwiftPackageReference section */

/* Begin XCSwiftPackageProductDependency section */
		6FBEFD0A29F02EEA0082E116 /* Blackbird */ = {
			isa = XCSwiftPackageProductDependency;
			package = 6FBEFD0929F02EEA0082E116 /* XCRemoteSwiftPackageReference "Blackbird" */;
			productName = Blackbird;
		};
/* End XCSwiftPackageProductDependency section */
	};
	rootObject = 6FBEFCE729EDC5650082E116 /* Project object */;
}
